
Microsoft Visual Studio Solution File, Format Version 12.00
# Visual Studio Version 17
VisualStudioVersion = 17.5.33103.201
MinimumVisualStudioVersion = 10.0.40219.1
Project("{FAE04EC0-301F-11D3-BF4B-00C04F79EFBC}") = "Fritz.CommandingFunctions", "Fritz.CommandingFunctions\Fritz.CommandingFunctions.csproj", "{1F55E9FB-4D31-4F97-BB3C-623B1F3699D5}"
EndProject
Project("{FAE04EC0-301F-11D3-BF4B-00C04F79EFBC}") = "Sample.IntegratedFunctions", "Sample.IntegratedFunctions\Sample.IntegratedFunctions.csproj", "{EB625D3B-4A85-4A98-97B1-A8C056B334ED}"
EndProject
Project("{FAE04EC0-301F-11D3-BF4B-00C04F79EFBC}") = "Sample.IsolatedFunctions", "Sample.IsolatedFunctions\Sample.IsolatedFunctions.csproj", "{9FF69DA3-BBDD-4F4B-9528-0E340C1471BD}"
EndProject
Global
	GlobalSection(SolutionConfigurationPlatforms) = preSolution
		Debug|Any CPU = Debug|Any CPU
		Release|Any CPU = Release|Any CPU
	EndGlobalSection
	GlobalSection(ProjectConfigurationPlatforms) = postSolution
		{1F55E9FB-4D31-4F97-BB3C-623B1F3699D5}.Debug|Any CPU.ActiveCfg = Debug|Any CPU
		{1F55E9FB-4D31-4F97-BB3C-623B1F3699D5}.Debug|Any CPU.Build.0 = Debug|Any CPU
		{1F55E9FB-4D31-4F97-BB3C-623B1F3699D5}.Release|Any CPU.ActiveCfg = Release|Any CPU
		{1F55E9FB-4D31-4F97-BB3C-623B1F3699D5}.Release|Any CPU.Build.0 = Release|Any CPU
		{EB625D3B-4A85-4A98-97B1-A8C056B334ED}.Debug|Any CPU.ActiveCfg = Debug|Any CPU
		{EB625D3B-4A85-4A98-97B1-A8C056B334ED}.Debug|Any CPU.Build.0 = Debug|Any CPU
		{EB625D3B-4A85-4A98-97B1-A8C056B334ED}.Release|Any CPU.ActiveCfg = Release|Any CPU
		{EB625D3B-4A85-4A98-97B1-A8C056B334ED}.Release|Any CPU.Build.0 = Release|Any CPU
		{9FF69DA3-BBDD-4F4B-9528-0E340C1471BD}.Debug|Any CPU.ActiveCfg = Debug|Any CPU
		{9FF69DA3-BBDD-4F4B-9528-0E340C1471BD}.Debug|Any CPU.Build.0 = Debug|Any CPU
		{9FF69DA3-BBDD-4F4B-9528-0E340C1471BD}.Release|Any CPU.ActiveCfg = Release|Any CPU
		{9FF69DA3-BBDD-4F4B-9528-0E340C1471BD}.Release|Any CPU.Build.0 = Release|Any CPU
	EndGlobalSection
	GlobalSection(SolutionProperties) = preSolution
		HideSolutionNode = FALSE
	EndGlobalSection
	GlobalSection(ExtensibilityGlobals) = postSolution
		SolutionGuid = {94F4B6A0-8FB1-438D-B1CB-371F66DF7015}
	EndGlobalSection
EndGlobal
